
Microsoft Visual Studio Solution File, Format Version 12.00
# Visual Studio Version 17
VisualStudioVersion = 17.10.35013.160
MinimumVisualStudioVersion = 10.0.40219.1
Project("{FAE04EC0-301F-11D3-BF4B-00C04F79EFBC}") = "AutoLinkLib", "AutoLinkLib\AutoLinkLib.csproj", "{368CF3DF-B03A-438B-84D8-0F103F797043}"
EndProject
Global
	GlobalSection(SolutionConfigurationPlatforms) = preSolution
		Debug|Any CPU = Debug|Any CPU
		Release|Any CPU = Release|Any CPU
	EndGlobalSection
	GlobalSection(ProjectConfigurationPlatforms) = postSolution
		{368CF3DF-B03A-438B-84D8-0F103F797043}.Debug|Any CPU.ActiveCfg = Debug|Any CPU
		{368CF3DF-B03A-438B-84D8-0F103F797043}.Debug|Any CPU.Build.0 = Debug|Any CPU
		{368CF3DF-B03A-438B-84D8-0F103F797043}.Release|Any CPU.ActiveCfg = Release|Any CPU
		{368CF3DF-B03A-438B-84D8-0F103F797043}.Release|Any CPU.Build.0 = Release|Any CPU
	EndGlobalSection
	GlobalSection(SolutionProperties) = preSolution
		HideSolutionNode = FALSE
	EndGlobalSection
	GlobalSection(ExtensibilityGlobals) = postSolution
		SolutionGuid = {135E315D-24B2-4605-94F7-C5E893B82570}
	EndGlobalSection
EndGlobal
